
Microsoft Visual Studio Solution File, Format Version 12.00
# Visual Studio Version 17
VisualStudioVersion = 17.8.34316.72
MinimumVisualStudioVersion = 10.0.40219.1
Project("{FAE04EC0-301F-11D3-BF4B-00C04F79EFBC}") = "topolja.loc-site", "topolja.loc-site\topolja.loc-site.csproj", "{A36B0CFF-A543-4EE3-9FF2-660E52188068}"
EndProject
Global
	GlobalSection(SolutionConfigurationPlatforms) = preSolution
		Debug|Any CPU = Debug|Any CPU
		Release|Any CPU = Release|Any CPU
	EndGlobalSection
	GlobalSection(ProjectConfigurationPlatforms) = postSolution
		{A36B0CFF-A543-4EE3-9FF2-660E52188068}.Debug|Any CPU.ActiveCfg = Debug|Any CPU
		{A36B0CFF-A543-4EE3-9FF2-660E52188068}.Debug|Any CPU.Build.0 = Debug|Any CPU
		{A36B0CFF-A543-4EE3-9FF2-660E52188068}.Release|Any CPU.ActiveCfg = Release|Any CPU
		{A36B0CFF-A543-4EE3-9FF2-660E52188068}.Release|Any CPU.Build.0 = Release|Any CPU
	EndGlobalSection
	GlobalSection(SolutionProperties) = preSolution
		HideSolutionNode = FALSE
	EndGlobalSection
	GlobalSection(ExtensibilityGlobals) = postSolution
		SolutionGuid = {1BA2F929-12EA-47FF-B714-E9DC7995E2A1}
	EndGlobalSection
EndGlobal
